
Microsoft Visual Studio Solution File, Format Version 12.00
# Visual Studio Version 17
VisualStudioVersion = 17.5.002.0
MinimumVisualStudioVersion = 10.0.40219.1
Project("{9A19103F-16F7-4668-BE54-9A1E7A4F7556}") = "tl1_tp8_2023-MariiansSs", "tl1_tp8_2023-MariiansSs.csproj", "{9BF9407A-CB60-43A9-B8F3-C75E9B5B0D12}"
EndProject
Global
	GlobalSection(SolutionConfigurationPlatforms) = preSolution
		Debug|Any CPU = Debug|Any CPU
		Release|Any CPU = Release|Any CPU
	EndGlobalSection
	GlobalSection(ProjectConfigurationPlatforms) = postSolution
		{9BF9407A-CB60-43A9-B8F3-C75E9B5B0D12}.Debug|Any CPU.ActiveCfg = Debug|Any CPU
		{9BF9407A-CB60-43A9-B8F3-C75E9B5B0D12}.Debug|Any CPU.Build.0 = Debug|Any CPU
		{9BF9407A-CB60-43A9-B8F3-C75E9B5B0D12}.Release|Any CPU.ActiveCfg = Release|Any CPU
		{9BF9407A-CB60-43A9-B8F3-C75E9B5B0D12}.Release|Any CPU.Build.0 = Release|Any CPU
	EndGlobalSection
	GlobalSection(SolutionProperties) = preSolution
		HideSolutionNode = FALSE
	EndGlobalSection
	GlobalSection(ExtensibilityGlobals) = postSolution
		SolutionGuid = {E006C7B2-AEB8-4526-A81A-80204D5AA676}
	EndGlobalSection
EndGlobal
